
Microsoft Visual Studio Solution File, Format Version 12.00
# Visual Studio Version 17
VisualStudioVersion = 17.5.33627.172
MinimumVisualStudioVersion = 10.0.40219.1
Project("{FAE04EC0-301F-11D3-BF4B-00C04F79EFBC}") = "Bai15", "Bai15\Bai15.csproj", "{6E885E40-1507-4FB3-9D89-823711BE7C15}"
EndProject
Global
	GlobalSection(SolutionConfigurationPlatforms) = preSolution
		Debug|Any CPU = Debug|Any CPU
		Release|Any CPU = Release|Any CPU
	EndGlobalSection
	GlobalSection(ProjectConfigurationPlatforms) = postSolution
		{6E885E40-1507-4FB3-9D89-823711BE7C15}.Debug|Any CPU.ActiveCfg = Debug|Any CPU
		{6E885E40-1507-4FB3-9D89-823711BE7C15}.Debug|Any CPU.Build.0 = Debug|Any CPU
		{6E885E40-1507-4FB3-9D89-823711BE7C15}.Release|Any CPU.ActiveCfg = Release|Any CPU
		{6E885E40-1507-4FB3-9D89-823711BE7C15}.Release|Any CPU.Build.0 = Release|Any CPU
	EndGlobalSection
	GlobalSection(SolutionProperties) = preSolution
		HideSolutionNode = FALSE
	EndGlobalSection
	GlobalSection(ExtensibilityGlobals) = postSolution
		SolutionGuid = {14061516-D21F-425F-8BE5-8CB081721FDE}
	EndGlobalSection
EndGlobal
